
Microsoft Visual Studio Solution File, Format Version 12.00
# Visual Studio 15
VisualStudioVersion = 15.0.27004.2009
MinimumVisualStudioVersion = 10.0.40219.1
Project("{FAE04EC0-301F-11D3-BF4B-00C04F79EFBC}") = "EntityDB", "EntityDB\EntityDB.csproj", "{5D32CE7B-8B22-42FE-B67A-4036F8E60A1C}"
	ProjectSection(ProjectDependencies) = postProject
		{60501026-F100-455A-A0F9-D32FDAA6DE4B} = {60501026-F100-455A-A0F9-D32FDAA6DE4B}
	EndProjectSection
EndProject
Project("{FAE04EC0-301F-11D3-BF4B-00C04F79EFBC}") = "WcfService1", "WcfService1\WcfService1.csproj", "{60501026-F100-455A-A0F9-D32FDAA6DE4B}"
EndProject
Global
	GlobalSection(SolutionConfigurationPlatforms) = preSolution
		Debug|Any CPU = Debug|Any CPU
		Release|Any CPU = Release|Any CPU
	EndGlobalSection
	GlobalSection(ProjectConfigurationPlatforms) = postSolution
		{5D32CE7B-8B22-42FE-B67A-4036F8E60A1C}.Debug|Any CPU.ActiveCfg = Debug|Any CPU
		{5D32CE7B-8B22-42FE-B67A-4036F8E60A1C}.Debug|Any CPU.Build.0 = Debug|Any CPU
		{5D32CE7B-8B22-42FE-B67A-4036F8E60A1C}.Release|Any CPU.ActiveCfg = Release|Any CPU
		{5D32CE7B-8B22-42FE-B67A-4036F8E60A1C}.Release|Any CPU.Build.0 = Release|Any CPU
		{60501026-F100-455A-A0F9-D32FDAA6DE4B}.Debug|Any CPU.ActiveCfg = Debug|Any CPU
		{60501026-F100-455A-A0F9-D32FDAA6DE4B}.Debug|Any CPU.Build.0 = Debug|Any CPU
		{60501026-F100-455A-A0F9-D32FDAA6DE4B}.Release|Any CPU.ActiveCfg = Release|Any CPU
		{60501026-F100-455A-A0F9-D32FDAA6DE4B}.Release|Any CPU.Build.0 = Release|Any CPU
	EndGlobalSection
	GlobalSection(SolutionProperties) = preSolution
		HideSolutionNode = FALSE
	EndGlobalSection
	GlobalSection(ExtensibilityGlobals) = postSolution
		SolutionGuid = {D2DE358A-F37A-4CAD-9C76-978C1595B584}
	EndGlobalSection
EndGlobal
